
Microsoft Visual Studio Solution File, Format Version 12.00
# Visual Studio 15
VisualStudioVersion = 15.0.26430.16
MinimumVisualStudioVersion = 10.0.40219.1
Project("{9A19103F-16F7-4668-BE54-9A1E7A4F7556}") = "HomeApi", "HomeApi\HomeApi.csproj", "{2EBC01FC-C73B-4292-A8A7-A31237013A29}"
EndProject
Project("{2150E333-8FDC-42A3-9474-1A3956D46DE8}") = "Tools", "Tools", "{9678D6CF-F75F-4DE6-85C6-88CB65B51874}"
EndProject
Project("{9A19103F-16F7-4668-BE54-9A1E7A4F7556}") = "DeviceIdentity", "DeviceIdentity\DeviceIdentity.csproj", "{074BC395-B050-444E-90EE-9D9379B19E54}"
EndProject
Project("{2150E333-8FDC-42A3-9474-1A3956D46DE8}") = "ExtractorFan", "ExtractorFan", "{75CA00DD-3375-46AF-A6FF-03A27B8F79EC}"
EndProject
Project("{2150E333-8FDC-42A3-9474-1A3956D46DE8}") = "Devices", "Devices", "{1661E69E-2D94-41A4-BA6B-2567FA7CC8BC}"
EndProject
Project("{FAE04EC0-301F-11D3-BF4B-00C04F79EFBC}") = "DeviceController", "DeviceController\DeviceController.csproj", "{4765B4F5-D584-4271-A1AD-734FA0E24BFB}"
EndProject
Project("{FAE04EC0-301F-11D3-BF4B-00C04F79EFBC}") = "ExtractorFanController", "ExtractorFanController\ExtractorFanController.csproj", "{BA9EDCD7-5C6A-4422-8B17-B4AA79049C01}"
EndProject
Project("{2150E333-8FDC-42A3-9474-1A3956D46DE8}") = "Api", "Api", "{48712EE9-E47D-4288-90A7-1156DACB7B6A}"
EndProject
Global
	GlobalSection(SolutionConfigurationPlatforms) = preSolution
		Debug|Any CPU = Debug|Any CPU
		Release|Any CPU = Release|Any CPU
	EndGlobalSection
	GlobalSection(ProjectConfigurationPlatforms) = postSolution
		{2EBC01FC-C73B-4292-A8A7-A31237013A29}.Debug|Any CPU.ActiveCfg = Debug|Any CPU
		{2EBC01FC-C73B-4292-A8A7-A31237013A29}.Debug|Any CPU.Build.0 = Debug|Any CPU
		{2EBC01FC-C73B-4292-A8A7-A31237013A29}.Release|Any CPU.ActiveCfg = Release|Any CPU
		{2EBC01FC-C73B-4292-A8A7-A31237013A29}.Release|Any CPU.Build.0 = Release|Any CPU
		{074BC395-B050-444E-90EE-9D9379B19E54}.Debug|Any CPU.ActiveCfg = Debug|Any CPU
		{074BC395-B050-444E-90EE-9D9379B19E54}.Debug|Any CPU.Build.0 = Debug|Any CPU
		{074BC395-B050-444E-90EE-9D9379B19E54}.Release|Any CPU.ActiveCfg = Release|Any CPU
		{074BC395-B050-444E-90EE-9D9379B19E54}.Release|Any CPU.Build.0 = Release|Any CPU
		{4765B4F5-D584-4271-A1AD-734FA0E24BFB}.Debug|Any CPU.ActiveCfg = Debug|Any CPU
		{4765B4F5-D584-4271-A1AD-734FA0E24BFB}.Debug|Any CPU.Build.0 = Debug|Any CPU
		{4765B4F5-D584-4271-A1AD-734FA0E24BFB}.Release|Any CPU.ActiveCfg = Release|Any CPU
		{4765B4F5-D584-4271-A1AD-734FA0E24BFB}.Release|Any CPU.Build.0 = Release|Any CPU
		{BA9EDCD7-5C6A-4422-8B17-B4AA79049C01}.Debug|Any CPU.ActiveCfg = Debug|Any CPU
		{BA9EDCD7-5C6A-4422-8B17-B4AA79049C01}.Debug|Any CPU.Build.0 = Debug|Any CPU
		{BA9EDCD7-5C6A-4422-8B17-B4AA79049C01}.Release|Any CPU.ActiveCfg = Release|Any CPU
		{BA9EDCD7-5C6A-4422-8B17-B4AA79049C01}.Release|Any CPU.Build.0 = Release|Any CPU
	EndGlobalSection
	GlobalSection(SolutionProperties) = preSolution
		HideSolutionNode = FALSE
	EndGlobalSection
	GlobalSection(NestedProjects) = preSolution
		{2EBC01FC-C73B-4292-A8A7-A31237013A29} = {48712EE9-E47D-4288-90A7-1156DACB7B6A}
		{074BC395-B050-444E-90EE-9D9379B19E54} = {9678D6CF-F75F-4DE6-85C6-88CB65B51874}
		{4765B4F5-D584-4271-A1AD-734FA0E24BFB} = {1661E69E-2D94-41A4-BA6B-2567FA7CC8BC}
		{BA9EDCD7-5C6A-4422-8B17-B4AA79049C01} = {75CA00DD-3375-46AF-A6FF-03A27B8F79EC}
	EndGlobalSection
EndGlobal
